// !$*UTF8*$!
{
	archiveVersion = 1;
	classes = {
	};
	objectVersion = 50;
	objects = {

/* Begin PBXBuildFile section */
		50E046AB25AB35F30051C322 /* AppDelegate.swift in Sources */ = {isa = PBXBuildFile; fileRef = 50E046AA25AB35F30051C322 /* AppDelegate.swift */; };
		50E046AD25AB35F30051C322 /* art.scnassets in Resources */ = {isa = PBXBuildFile; fileRef = 50E046AC25AB35F30051C322 /* art.scnassets */; };
		50E046AF25AB35F30051C322 /* ViewController.swift in Sources */ = {isa = PBXBuildFile; fileRef = 50E046AE25AB35F30051C322 /* ViewController.swift */; };
		50E046B225AB35F30051C322 /* Main.storyboard in Resources */ = {isa = PBXBuildFile; fileRef = 50E046B025AB35F30051C322 /* Main.storyboard */; };
		50E046B425AB35F70051C322 /* Assets.xcassets in Resources */ = {isa = PBXBuildFile; fileRef = 50E046B325AB35F70051C322 /* Assets.xcassets */; };
		50E046B725AB35F70051C322 /* LaunchScreen.storyboard in Resources */ = {isa = PBXBuildFile; fileRef = 50E046B525AB35F70051C322 /* LaunchScreen.storyboard */; };
		50E046C225AB35F80051C322 /* ARShotsTests.swift in Sources */ = {isa = PBXBuildFile; fileRef = 50E046C125AB35F80051C322 /* ARShotsTests.swift */; };
		50E046CD25AB35F80051C322 /* ARShotsUITests.swift in Sources */ = {isa = PBXBuildFile; fileRef = 50E046CC25AB35F80051C322 /* ARShotsUITests.swift */; };
/* End PBXBuildFile section */

/* Begin PBXContainerItemProxy section */
		50E046BE25AB35F80051C322 /* PBXContainerItemProxy */ = {
			isa = PBXContainerItemProxy;
			containerPortal = 50E0469F25AB35F30051C322 /* Project object */;
			proxyType = 1;
			remoteGlobalIDString = 50E046A625AB35F30051C322;
			remoteInfo = ARShots;
		};
		50E046C925AB35F80051C322 /* PBXContainerItemProxy */ = {
			isa = PBXContainerItemProxy;
			containerPortal = 50E0469F25AB35F30051C322 /* Project object */;
			proxyType = 1;
			remoteGlobalIDString = 50E046A625AB35F30051C322;
			remoteInfo = ARShots;
		};
/* End PBXContainerItemProxy section */

/* Begin PBXFileReference section */
		50E046A725AB35F30051C322 /* ARShots.app */ = {isa = PBXFileReference; explicitFileType = wrapper.application; includeInIndex = 0; path = ARShots.app; sourceTree = BUILT_PRODUCTS_DIR; };
		50E046AA25AB35F30051C322 /* AppDelegate.swift */ = {isa = PBXFileReference; lastKnownFileType = sourcecode.swift; path = AppDelegate.swift; sourceTree = "<group>"; };
		50E046AC25AB35F30051C322 /* art.scnassets */ = {isa = PBXFileReference; lastKnownFileType = wrapper.scnassets; path = art.scnassets; sourceTree = "<group>"; };
		50E046AE25AB35F30051C322 /* ViewController.swift */ = {isa = PBXFileReference; lastKnownFileType = sourcecode.swift; path = ViewController.swift; sourceTree = "<group>"; };
		50E046B125AB35F30051C322 /* Base */ = {isa = PBXFileReference; lastKnownFileType = file.storyboard; name = Base; path = Base.lproj/Main.storyboard; sourceTree = "<group>"; };
		50E046B325AB35F70051C322 /* Assets.xcassets */ = {isa = PBXFileReference; lastKnownFileType = folder.assetcatalog; path = Assets.xcassets; sourceTree = "<group>"; };
		50E046B625AB35F70051C322 /* Base */ = {isa = PBXFileReference; lastKnownFileType = file.storyboard; name = Base; path = Base.lproj/LaunchScreen.storyboard; sourceTree = "<group>"; };
		50E046B825AB35F70051C322 /* Info.plist */ = {isa = PBXFileReference; lastKnownFileType = text.plist.xml; path = Info.plist; sourceTree = "<group>"; };
		50E046BD25AB35F80051C322 /* ARShotsTests.xctest */ = {isa = PBXFileReference; explicitFileType = wrapper.cfbundle; includeInIndex = 0; path = ARShotsTests.xctest; sourceTree = BUILT_PRODUCTS_DIR; };
		50E046C125AB35F80051C322 /* ARShotsTests.swift */ = {isa = PBXFileReference; lastKnownFileType = sourcecode.swift; path = ARShotsTests.swift; sourceTree = "<group>"; };
		50E046C325AB35F80051C322 /* Info.plist */ = {isa = PBXFileReference; lastKnownFileType = text.plist.xml; path = Info.plist; sourceTree = "<group>"; };
		50E046C825AB35F80051C322 /* ARShotsUITests.xctest */ = {isa = PBXFileReference; explicitFileType = wrapper.cfbundle; includeInIndex = 0; path = ARShotsUITests.xctest; sourceTree = BUILT_PRODUCTS_DIR; };
		50E046CC25AB35F80051C322 /* ARShotsUITests.swift */ = {isa = PBXFileReference; lastKnownFileType = sourcecode.swift; path = ARShotsUITests.swift; sourceTree = "<group>"; };
		50E046CE25AB35F80051C322 /* Info.plist */ = {isa = PBXFileReference; lastKnownFileType = text.plist.xml; path = Info.plist; sourceTree = "<group>"; };
/* End PBXFileReference section */

/* Begin PBXFrameworksBuildPhase section */
		50E046A425AB35F30051C322 /* Frameworks */ = {
			isa = PBXFrameworksBuildPhase;
			buildActionMask = 2147483647;
			files = (
			);
			runOnlyForDeploymentPostprocessing = 0;
		};
		50E046BA25AB35F80051C322 /* Frameworks */ = {
			isa = PBXFrameworksBuildPhase;
			buildActionMask = 2147483647;
			files = (
			);
			runOnlyForDeploymentPostprocessing = 0;
		};
		50E046C525AB35F80051C322 /* Frameworks */ = {
			isa = PBXFrameworksBuildPhase;
			buildActionMask = 2147483647;
			files = (
			);
			runOnlyForDeploymentPostprocessing = 0;
		};
/* End PBXFrameworksBuildPhase section */

/* Begin PBXGroup section */
		50E0469E25AB35F30051C322 = {
			isa = PBXGroup;
			children = (
				50E046A925AB35F30051C322 /* ARShots */,
				50E046C025AB35F80051C322 /* ARShotsTests */,
				50E046CB25AB35F80051C322 /* ARShotsUITests */,
				50E046A825AB35F30051C322 /* Products */,
			);
			sourceTree = "<group>";
		};
		50E046A825AB35F30051C322 /* Products */ = {
			isa = PBXGroup;
			children = (
				50E046A725AB35F30051C322 /* ARShots.app */,
				50E046BD25AB35F80051C322 /* ARShotsTests.xctest */,
				50E046C825AB35F80051C322 /* ARShotsUITests.xctest */,
			);
			name = Products;
			sourceTree = "<group>";
		};
		50E046A925AB35F30051C322 /* ARShots */ = {
			isa = PBXGroup;
			children = (
				50E046AA25AB35F30051C322 /* AppDelegate.swift */,
				50E046AC25AB35F30051C322 /* art.scnassets */,
				50E046AE25AB35F30051C322 /* ViewController.swift */,
				50E046B025AB35F30051C322 /* Main.storyboard */,
				50E046B325AB35F70051C322 /* Assets.xcassets */,
				50E046B525AB35F70051C322 /* LaunchScreen.storyboard */,
				50E046B825AB35F70051C322 /* Info.plist */,
			);
			path = ARShots;
			sourceTree = "<group>";
		};
		50E046C025AB35F80051C322 /* ARShotsTests */ = {
			isa = PBXGroup;
			children = (
				50E046C125AB35F80051C322 /* ARShotsTests.swift */,
				50E046C325AB35F80051C322 /* Info.plist */,
			);
			path = ARShotsTests;
			sourceTree = "<group>";
		};
		50E046CB25AB35F80051C322 /* ARShotsUITests */ = {
			isa = PBXGroup;
			children = (
				50E046CC25AB35F80051C322 /* ARShotsUITests.swift */,
				50E046CE25AB35F80051C322 /* Info.plist */,
			);
			path = ARShotsUITests;
			sourceTree = "<group>";
		};
/* End PBXGroup section */

/* Begin PBXNativeTarget section */
		50E046A625AB35F30051C322 /* ARShots */ = {
			isa = PBXNativeTarget;
			buildConfigurationList = 50E046D125AB35F80051C322 /* Build configuration list for PBXNativeTarget "ARShots" */;
			buildPhases = (
				50E046A325AB35F30051C322 /* Sources */,
				50E046A425AB35F30051C322 /* Frameworks */,
				50E046A525AB35F30051C322 /* Resources */,
			);
			buildRules = (
			);
			dependencies = (
			);
			name = ARShots;
			productName = ARShots;
			productReference = 50E046A725AB35F30051C322 /* ARShots.app */;
			productType = "com.apple.product-type.application";
		};
		50E046BC25AB35F80051C322 /* ARShotsTests */ = {
			isa = PBXNativeTarget;
			buildConfigurationList = 50E046D425AB35F80051C322 /* Build configuration list for PBXNativeTarget "ARShotsTests" */;
			buildPhases = (
				50E046B925AB35F80051C322 /* Sources */,
				50E046BA25AB35F80051C322 /* Frameworks */,
				50E046BB25AB35F80051C322 /* Resources */,
			);
			buildRules = (
			);
			dependencies = (
				50E046BF25AB35F80051C322 /* PBXTargetDependency */,
			);
			name = ARShotsTests;
			productName = ARShotsTests;
			productReference = 50E046BD25AB35F80051C322 /* ARShotsTests.xctest */;
			productType = "com.apple.product-type.bundle.unit-test";
		};
		50E046C725AB35F80051C322 /* ARShotsUITests */ = {
			isa = PBXNativeTarget;
			buildConfigurationList = 50E046D725AB35F80051C322 /* Build configuration list for PBXNativeTarget "ARShotsUITests" */;
			buildPhases = (
				50E046C425AB35F80051C322 /* Sources */,
				50E046C525AB35F80051C322 /* Frameworks */,
				50E046C625AB35F80051C322 /* Resources */,
			);
			buildRules = (
			);
			dependencies = (
				50E046CA25AB35F80051C322 /* PBXTargetDependency */,
			);
			name = ARShotsUITests;
			productName = ARShotsUITests;
			productReference = 50E046C825AB35F80051C322 /* ARShotsUITests.xctest */;
			productType = "com.apple.product-type.bundle.ui-testing";
		};
/* End PBXNativeTarget section */

/* Begin PBXProject section */
		50E0469F25AB35F30051C322 /* Project object */ = {
			isa = PBXProject;
			attributes = {
				LastSwiftUpdateCheck = 1220;
				LastUpgradeCheck = 1220;
				TargetAttributes = {
					50E046A625AB35F30051C322 = {
						CreatedOnToolsVersion = 12.2;
					};
					50E046BC25AB35F80051C322 = {
						CreatedOnToolsVersion = 12.2;
						TestTargetID = 50E046A625AB35F30051C322;
					};
					50E046C725AB35F80051C322 = {
						CreatedOnToolsVersion = 12.2;
						TestTargetID = 50E046A625AB35F30051C322;
					};
				};
			};
			buildConfigurationList = 50E046A225AB35F30051C322 /* Build configuration list for PBXProject "ARShots" */;
			compatibilityVersion = "Xcode 9.3";
			developmentRegion = en;
			hasScannedForEncodings = 0;
			knownRegions = (
				en,
				Base,
			);
			mainGroup = 50E0469E25AB35F30051C322;
			productRefGroup = 50E046A825AB35F30051C322 /* Products */;
			projectDirPath = "";
			projectRoot = "";
			targets = (
				50E046A625AB35F30051C322 /* ARShots */,
				50E046BC25AB35F80051C322 /* ARShotsTests */,
				50E046C725AB35F80051C322 /* ARShotsUITests */,
			);
		};
/* End PBXProject section */

/* Begin PBXResourcesBuildPhase section */
		50E046A525AB35F30051C322 /* Resources */ = {
			isa = PBXResourcesBuildPhase;
			buildActionMask = 2147483647;
			files = (
				50E046AD25AB35F30051C322 /* art.scnassets in Resources */,
				50E046B725AB35F70051C322 /* LaunchScreen.storyboard in Resources */,
				50E046B425AB35F70051C322 /* Assets.xcassets in Resources */,
				50E046B225AB35F30051C322 /* Main.storyboard in Resources */,
			);
			runOnlyForDeploymentPostprocessing = 0;
		};
		50E046BB25AB35F80051C322 /* Resources */ = {
			isa = PBXResourcesBuildPhase;
			buildActionMask = 2147483647;
			files = (
			);
			runOnlyForDeploymentPostprocessing = 0;
		};
		50E046C625AB35F80051C322 /* Resources */ = {
			isa = PBXResourcesBuildPhase;
			buildActionMask = 2147483647;
			files = (
			);
			runOnlyForDeploymentPostprocessing = 0;
		};
/* End PBXResourcesBuildPhase section */

/* Begin PBXSourcesBuildPhase section */
		50E046A325AB35F30051C322 /* Sources */ = {
			isa = PBXSourcesBuildPhase;
			buildActionMask = 2147483647;
			files = (
				50E046AF25AB35F30051C322 /* ViewController.swift in Sources */,
				50E046AB25AB35F30051C322 /* AppDelegate.swift in Sources */,
			);
			runOnlyForDeploymentPostprocessing = 0;
		};
		50E046B925AB35F80051C322 /* Sources */ = {
			isa = PBXSourcesBuildPhase;
			buildActionMask = 2147483647;
			files = (
				50E046C225AB35F80051C322 /* ARShotsTests.swift in Sources */,
			);
			runOnlyForDeploymentPostprocessing = 0;
		};
		50E046C425AB35F80051C322 /* Sources */ = {
			isa = PBXSourcesBuildPhase;
			buildActionMask = 2147483647;
			files = (
				50E046CD25AB35F80051C322 /* ARShotsUITests.swift in Sources */,
			);
			runOnlyForDeploymentPostprocessing = 0;
		};
/* End PBXSourcesBuildPhase section */

/* Begin PBXTargetDependency section */
		50E046BF25AB35F80051C322 /* PBXTargetDependency */ = {
			isa = PBXTargetDependency;
			target = 50E046A625AB35F30051C322 /* ARShots */;
			targetProxy = 50E046BE25AB35F80051C322 /* PBXContainerItemProxy */;
		};
		50E046CA25AB35F80051C322 /* PBXTargetDependency */ = {
			isa = PBXTargetDependency;
			target = 50E046A625AB35F30051C322 /* ARShots */;
			targetProxy = 50E046C925AB35F80051C322 /* PBXContainerItemProxy */;
		};
/* End PBXTargetDependency section */

/* Begin PBXVariantGroup section */
		50E046B025AB35F30051C322 /* Main.storyboard */ = {
			isa = PBXVariantGroup;
			children = (
				50E046B125AB35F30051C322 /* Base */,
			);
			name = Main.storyboard;
			sourceTree = "<group>";
		};
		50E046B525AB35F70051C322 /* LaunchScreen.storyboard */ = {
			isa = PBXVariantGroup;
			children = (
				50E046B625AB35F70051C322 /* Base */,
			);
			name = LaunchScreen.storyboard;
			sourceTree = "<group>";
		};
/* End PBXVariantGroup section */

/* Begin XCBuildConfiguration section */
		50E046CF25AB35F80051C322 /* Debug */ = {
			isa = XCBuildConfiguration;
			buildSettings = {
				ALWAYS_SEARCH_USER_PATHS = NO;
				CLANG_ANALYZER_NONNULL = YES;
				CLANG_ANALYZER_NUMBER_OBJECT_CONVERSION = YES_AGGRESSIVE;
				CLANG_CXX_LANGUAGE_STANDARD = "gnu++14";
				CLANG_CXX_LIBRARY = "libc++";
				CLANG_ENABLE_MODULES = YES;
				CLANG_ENABLE_OBJC_ARC = YES;
				CLANG_ENABLE_OBJC_WEAK = YES;
				CLANG_WARN_BLOCK_CAPTURE_AUTORELEASING = YES;
				CLANG_WARN_BOOL_CONVERSION = YES;
				CLANG_WARN_COMMA = YES;
				CLANG_WARN_CONSTANT_CONVERSION = YES;
				CLANG_WARN_DEPRECATED_OBJC_IMPLEMENTATIONS = YES;
				CLANG_WARN_DIRECT_OBJC_ISA_USAGE = YES_ERROR;
				CLANG_WARN_DOCUMENTATION_COMMENTS = YES;
				CLANG_WARN_EMPTY_BODY = YES;
				CLANG_WARN_ENUM_CONVERSION = YES;
				CLANG_WARN_INFINITE_RECURSION = YES;
				CLANG_WARN_INT_CONVERSION = YES;
				CLANG_WARN_NON_LITERAL_NULL_CONVERSION = YES;
				CLANG_WARN_OBJC_IMPLICIT_RETAIN_SELF = YES;
				CLANG_WARN_OBJC_LITERAL_CONVERSION = YES;
				CLANG_WARN_OBJC_ROOT_CLASS = YES_ERROR;
				CLANG_WARN_QUOTED_INCLUDE_IN_FRAMEWORK_HEADER = YES;
				CLANG_WARN_RANGE_LOOP_ANALYSIS = YES;
				CLANG_WARN_STRICT_PROTOTYPES = YES;
				CLANG_WARN_SUSPICIOUS_MOVE = YES;
				CLANG_WARN_UNGUARDED_AVAILABILITY = YES_AGGRESSIVE;
				CLANG_WARN_UNREACHABLE_CODE = YES;
				CLANG_WARN__DUPLICATE_METHOD_MATCH = YES;
				COPY_PHASE_STRIP = NO;
				DEBUG_INFORMATION_FORMAT = dwarf;
				ENABLE_STRICT_OBJC_MSGSEND = YES;
				ENABLE_TESTABILITY = YES;
				GCC_C_LANGUAGE_STANDARD = gnu11;
				GCC_DYNAMIC_NO_PIC = NO;
				GCC_NO_COMMON_BLOCKS = YES;
				GCC_OPTIMIZATION_LEVEL = 0;
				GCC_PREPROCESSOR_DEFINITIONS = (
					"DEBUG=1",
					"$(inherited)",
				);
				GCC_WARN_64_TO_32_BIT_CONVERSION = YES;
				GCC_WARN_ABOUT_RETURN_TYPE = YES_ERROR;
				GCC_WARN_UNDECLARED_SELECTOR = YES;
				GCC_WARN_UNINITIALIZED_AUTOS = YES_AGGRESSIVE;
				GCC_WARN_UNUSED_FUNCTION = YES;
				GCC_WARN_UNUSED_VARIABLE = YES;
				IPHONEOS_DEPLOYMENT_TARGET = 14.2;
				MTL_ENABLE_DEBUG_INFO = INCLUDE_SOURCE;
				MTL_FAST_MATH = YES;
				ONLY_ACTIVE_ARCH = YES;
				SDKROOT = iphoneos;
				SWIFT_ACTIVE_COMPILATION_CONDITIONS = DEBUG;
				SWIFT_OPTIMIZATION_LEVEL = "-Onone";
			};
			name = Debug;
		};
		50E046D025AB35F80051C322 /* Release */ = {
			isa = XCBuildConfiguration;
			buildSettings = {
				ALWAYS_SEARCH_USER_PATHS = NO;
				CLANG_ANALYZER_NONNULL = YES;
				CLANG_ANALYZER_NUMBER_OBJECT_CONVERSION = YES_AGGRESSIVE;
				CLANG_CXX_LANGUAGE_STANDARD = "gnu++14";
				CLANG_CXX_LIBRARY = "libc++";
				CLANG_ENABLE_MODULES = YES;
				CLANG_ENABLE_OBJC_ARC = YES;
				CLANG_ENABLE_OBJC_WEAK = YES;
				CLANG_WARN_BLOCK_CAPTURE_AUTORELEASING = YES;
				CLANG_WARN_BOOL_CONVERSION = YES;
				CLANG_WARN_COMMA = YES;
				CLANG_WARN_CONSTANT_CONVERSION = YES;
				CLANG_WARN_DEPRECATED_OBJC_IMPLEMENTATIONS = YES;
				CLANG_WARN_DIRECT_OBJC_ISA_USAGE = YES_ERROR;
				CLANG_WARN_DOCUMENTATION_COMMENTS = YES;
				CLANG_WARN_EMPTY_BODY = YES;
				CLANG_WARN_ENUM_CONVERSION = YES;
				CLANG_WARN_INFINITE_RECURSION = YES;
				CLANG_WARN_INT_CONVERSION = YES;
				CLANG_WARN_NON_LITERAL_NULL_CONVERSION = YES;
				CLANG_WARN_OBJC_IMPLICIT_RETAIN_SELF = YES;
				CLANG_WARN_OBJC_LITERAL_CONVERSION = YES;
				CLANG_WARN_OBJC_ROOT_CLASS = YES_ERROR;
				CLANG_WARN_QUOTED_INCLUDE_IN_FRAMEWORK_HEADER = YES;
				CLANG_WARN_RANGE_LOOP_ANALYSIS = YES;
				CLANG_WARN_STRICT_PROTOTYPES = YES;
				CLANG_WARN_SUSPICIOUS_MOVE = YES;
				CLANG_WARN_UNGUARDED_AVAILABILITY = YES_AGGRESSIVE;
				CLANG_WARN_UNREACHABLE_CODE = YES;
				CLANG_WARN__DUPLICATE_METHOD_MATCH = YES;
				COPY_PHASE_STRIP = NO;
				DEBUG_INFORMATION_FORMAT = "dwarf-with-dsym";
				ENABLE_NS_ASSERTIONS = NO;
				ENABLE_STRICT_OBJC_MSGSEND = YES;
				GCC_C_LANGUAGE_STANDARD = gnu11;
				GCC_NO_COMMON_BLOCKS = YES;
				GCC_WARN_64_TO_32_BIT_CONVERSION = YES;
				GCC_WARN_ABOUT_RETURN_TYPE = YES_ERROR;
				GCC_WARN_UNDECLARED_SELECTOR = YES;
				GCC_WARN_UNINITIALIZED_AUTOS = YES_AGGRESSIVE;
				GCC_WARN_UNUSED_FUNCTION = YES;
				GCC_WARN_UNUSED_VARIABLE = YES;
				IPHONEOS_DEPLOYMENT_TARGET = 14.2;
				MTL_ENABLE_DEBUG_INFO = NO;
				MTL_FAST_MATH = YES;
				SDKROOT = iphoneos;
				SWIFT_COMPILATION_MODE = wholemodule;
				SWIFT_OPTIMIZATION_LEVEL = "-O";
				VALIDATE_PRODUCT = YES;
			};
			name = Release;
		};
		50E046D225AB35F80051C322 /* Debug */ = {
			isa = XCBuildConfiguration;
			buildSettings = {
				ASSETCATALOG_COMPILER_APPICON_NAME = AppIcon;
				ASSETCATALOG_COMPILER_GLOBAL_ACCENT_COLOR_NAME = AccentColor;
				CODE_SIGN_STYLE = Automatic;
				DEVELOPMENT_TEAM = PN5UGJ7VG5;
				INFOPLIST_FILE = ARShots/Info.plist;
				LD_RUNPATH_SEARCH_PATHS = (
					"$(inherited)",
					"@executable_path/Frameworks",
				);
				PRODUCT_BUNDLE_IDENTIFIER = hatsumi.ARShots;
				PRODUCT_NAME = "$(TARGET_NAME)";
				SWIFT_VERSION = 5.0;
				TARGETED_DEVICE_FAMILY = "1,2";
			};
			name = Debug;
		};
		50E046D325AB35F80051C322 /* Release */ = {
			isa = XCBuildConfiguration;
			buildSettings = {
				ASSETCATALOG_COMPILER_APPICON_NAME = AppIcon;
				ASSETCATALOG_COMPILER_GLOBAL_ACCENT_COLOR_NAME = AccentColor;
				CODE_SIGN_STYLE = Automatic;
				DEVELOPMENT_TEAM = PN5UGJ7VG5;
				INFOPLIST_FILE = ARShots/Info.plist;
				LD_RUNPATH_SEARCH_PATHS = (
					"$(inherited)",
					"@executable_path/Frameworks",
				);
				PRODUCT_BUNDLE_IDENTIFIER = hatsumi.ARShots;
				PRODUCT_NAME = "$(TARGET_NAME)";
				SWIFT_VERSION = 5.0;
				TARGETED_DEVICE_FAMILY = "1,2";
			};
			name = Release;
		};
		50E046D525AB35F80051C322 /* Debug */ = {
			isa = XCBuildConfiguration;
			buildSettings = {
				ALWAYS_EMBED_SWIFT_STANDARD_LIBRARIES = YES;
				BUNDLE_LOADER = "$(TEST_HOST)";
				CODE_SIGN_STYLE = Automatic;
				DEVELOPMENT_TEAM = PN5UGJ7VG5;
				INFOPLIST_FILE = ARShotsTests/Info.plist;
				IPHONEOS_DEPLOYMENT_TARGET = 14.2;
				LD_RUNPATH_SEARCH_PATHS = (
					"$(inherited)",
					"@executable_path/Frameworks",
					"@loader_path/Frameworks",
				);
				PRODUCT_BUNDLE_IDENTIFIER = hatsumi.ARShotsTests;
				PRODUCT_NAME = "$(TARGET_NAME)";
				SWIFT_VERSION = 5.0;
				TARGETED_DEVICE_FAMILY = "1,2";
				TEST_HOST = "$(BUILT_PRODUCTS_DIR)/ARShots.app/ARShots";
			};
			name = Debug;
		};
		50E046D625AB35F80051C322 /* Release */ = {
			isa = XCBuildConfiguration;
			buildSettings = {
				ALWAYS_EMBED_SWIFT_STANDARD_LIBRARIES = YES;
				BUNDLE_LOADER = "$(TEST_HOST)";
				CODE_SIGN_STYLE = Automatic;
				DEVELOPMENT_TEAM = PN5UGJ7VG5;
				INFOPLIST_FILE = ARShotsTests/Info.plist;
				IPHONEOS_DEPLOYMENT_TARGET = 14.2;
				LD_RUNPATH_SEARCH_PATHS = (
					"$(inherited)",
					"@executable_path/Frameworks",
					"@loader_path/Frameworks",
				);
				PRODUCT_BUNDLE_IDENTIFIER = hatsumi.ARShotsTests;
				PRODUCT_NAME = "$(TARGET_NAME)";
				SWIFT_VERSION = 5.0;
				TARGETED_DEVICE_FAMILY = "1,2";
				TEST_HOST = "$(BUILT_PRODUCTS_DIR)/ARShots.app/ARShots";
			};
			name = Release;
		};
		50E046D825AB35F80051C322 /* Debug */ = {
			isa = XCBuildConfiguration;
			buildSettings = {
				ALWAYS_EMBED_SWIFT_STANDARD_LIBRARIES = YES;
				CODE_SIGN_STYLE = Automatic;
				DEVELOPMENT_TEAM = PN5UGJ7VG5;
				INFOPLIST_FILE = ARShotsUITests/Info.plist;
				LD_RUNPATH_SEARCH_PATHS = (
					"$(inherited)",
					"@executable_path/Frameworks",
					"@loader_path/Frameworks",
				);
				PRODUCT_BUNDLE_IDENTIFIER = hatsumi.ARShotsUITests;
				PRODUCT_NAME = "$(TARGET_NAME)";
				SWIFT_VERSION = 5.0;
				TARGETED_DEVICE_FAMILY = "1,2";
				TEST_TARGET_NAME = ARShots;
			};
			name = Debug;
		};
		50E046D925AB35F80051C322 /* Release */ = {
			isa = XCBuildConfiguration;
			buildSettings = {
				ALWAYS_EMBED_SWIFT_STANDARD_LIBRARIES = YES;
				CODE_SIGN_STYLE = Automatic;
				DEVELOPMENT_TEAM = PN5UGJ7VG5;
				INFOPLIST_FILE = ARShotsUITests/Info.plist;
				LD_RUNPATH_SEARCH_PATHS = (
					"$(inherited)",
					"@executable_path/Frameworks",
					"@loader_path/Frameworks",
				);
				PRODUCT_BUNDLE_IDENTIFIER = hatsumi.ARShotsUITests;
				PRODUCT_NAME = "$(TARGET_NAME)";
				SWIFT_VERSION = 5.0;
				TARGETED_DEVICE_FAMILY = "1,2";
				TEST_TARGET_NAME = ARShots;
			};
			name = Release;
		};
/* End XCBuildConfiguration section */

/* Begin XCConfigurationList section */
		50E046A225AB35F30051C322 /* Build configuration list for PBXProject "ARShots" */ = {
			isa = XCConfigurationList;
			buildConfigurations = (
				50E046CF25AB35F80051C322 /* Debug */,
				50E046D025AB35F80051C322 /* Release */,
			);
			defaultConfigurationIsVisible = 0;
			defaultConfigurationName = Release;
		};
		50E046D125AB35F80051C322 /* Build configuration list for PBXNativeTarget "ARShots" */ = {
			isa = XCConfigurationList;
			buildConfigurations = (
				50E046D225AB35F80051C322 /* Debug */,
				50E046D325AB35F80051C322 /* Release */,
			);
			defaultConfigurationIsVisible = 0;
			defaultConfigurationName = Release;
		};
		50E046D425AB35F80051C322 /* Build configuration list for PBXNativeTarget "ARShotsTests" */ = {
			isa = XCConfigurationList;
			buildConfigurations = (
				50E046D525AB35F80051C322 /* Debug */,
				50E046D625AB35F80051C322 /* Release */,
			);
			defaultConfigurationIsVisible = 0;
			defaultConfigurationName = Release;
		};
		50E046D725AB35F80051C322 /* Build configuration list for PBXNativeTarget "ARShotsUITests" */ = {
			isa = XCConfigurationList;
			buildConfigurations = (
				50E046D825AB35F80051C322 /* Debug */,
				50E046D925AB35F80051C322 /* Release */,
			);
			defaultConfigurationIsVisible = 0;
			defaultConfigurationName = Release;
		};
/* End XCConfigurationList section */
	};
	rootObject = 50E0469F25AB35F30051C322 /* Project object */;
}
